// !$*UTF8*$!
{
	archiveVersion = 1;
	classes = {
	};
	objectVersion = 46;
	objects = {

/* Begin PBXBuildFile section */
		6581314A1F360E98004F0618 /* AppDelegate.swift in Sources */ = {isa = PBXBuildFile; fileRef = 658131491F360E98004F0618 /* AppDelegate.swift */; };
		6581314C1F360E98004F0618 /* ViewController.swift in Sources */ = {isa = PBXBuildFile; fileRef = 6581314B1F360E98004F0618 /* ViewController.swift */; };
		6581314F1F360E98004F0618 /* Main.storyboard in Resources */ = {isa = PBXBuildFile; fileRef = 6581314D1F360E98004F0618 /* Main.storyboard */; };
		658131511F360E98004F0618 /* Assets.xcassets in Resources */ = {isa = PBXBuildFile; fileRef = 658131501F360E98004F0618 /* Assets.xcassets */; };
		658131541F360E98004F0618 /* LaunchScreen.storyboard in Resources */ = {isa = PBXBuildFile; fileRef = 658131521F360E98004F0618 /* LaunchScreen.storyboard */; };
/* End PBXBuildFile section */

/* Begin PBXFileReference section */
		658131461F360E98004F0618 /* ColorLightDiffuser.app */ = {isa = PBXFileReference; explicitFileType = wrapper.application; includeInIndex = 0; path = ColorLightDiffuser.app; sourceTree = BUILT_PRODUCTS_DIR; };
		658131491F360E98004F0618 /* AppDelegate.swift */ = {isa = PBXFileReference; lastKnownFileType = sourcecode.swift; path = AppDelegate.swift; sourceTree = "<group>"; };
		6581314B1F360E98004F0618 /* ViewController.swift */ = {isa = PBXFileReference; lastKnownFileType = sourcecode.swift; path = ViewController.swift; sourceTree = "<group>"; };
		6581314E1F360E98004F0618 /* Base */ = {isa = PBXFileReference; lastKnownFileType = file.storyboard; name = Base; path = Base.lproj/Main.storyboard; sourceTree = "<group>"; };
		658131501F360E98004F0618 /* Assets.xcassets */ = {isa = PBXFileReference; lastKnownFileType = folder.assetcatalog; path = Assets.xcassets; sourceTree = "<group>"; };
		658131531F360E98004F0618 /* Base */ = {isa = PBXFileReference; lastKnownFileType = file.storyboard; name = Base; path = Base.lproj/LaunchScreen.storyboard; sourceTree = "<group>"; };
		658131551F360E98004F0618 /* Info.plist */ = {isa = PBXFileReference; lastKnownFileType = text.plist.xml; path = Info.plist; sourceTree = "<group>"; };
/* End PBXFileReference section */

/* Begin PBXFrameworksBuildPhase section */
		658131431F360E98004F0618 /* Frameworks */ = {
			isa = PBXFrameworksBuildPhase;
			buildActionMask = 2147483647;
			files = (
			);
			runOnlyForDeploymentPostprocessing = 0;
		};
/* End PBXFrameworksBuildPhase section */

/* Begin PBXGroup section */
		6581313D1F360E98004F0618 = {
			isa = PBXGroup;
			children = (
				658131481F360E98004F0618 /* ColorLightDiffuser */,
				658131471F360E98004F0618 /* Products */,
			);
			sourceTree = "<group>";
		};
		658131471F360E98004F0618 /* Products */ = {
			isa = PBXGroup;
			children = (
				658131461F360E98004F0618 /* ColorLightDiffuser.app */,
			);
			name = Products;
			sourceTree = "<group>";
		};
		658131481F360E98004F0618 /* ColorLightDiffuser */ = {
			isa = PBXGroup;
			children = (
				658131491F360E98004F0618 /* AppDelegate.swift */,
				6581314B1F360E98004F0618 /* ViewController.swift */,
				6581314D1F360E98004F0618 /* Main.storyboard */,
				658131501F360E98004F0618 /* Assets.xcassets */,
				658131521F360E98004F0618 /* LaunchScreen.storyboard */,
				658131551F360E98004F0618 /* Info.plist */,
			);
			path = ColorLightDiffuser;
			sourceTree = "<group>";
		};
/* End PBXGroup section */

/* Begin PBXNativeTarget section */
		658131451F360E98004F0618 /* ColorLightDiffuser */ = {
			isa = PBXNativeTarget;
			buildConfigurationList = 658131581F360E98004F0618 /* Build configuration list for PBXNativeTarget "ColorLightDiffuser" */;
			buildPhases = (
				658131421F360E98004F0618 /* Sources */,
				658131431F360E98004F0618 /* Frameworks */,
				658131441F360E98004F0618 /* Resources */,
			);
			buildRules = (
			);
			dependencies = (
			);
			name = ColorLightDiffuser;
			productName = ColorLightDiffuser;
			productReference = 658131461F360E98004F0618 /* ColorLightDiffuser.app */;
			productType = "com.apple.product-type.application";
		};
/* End PBXNativeTarget section */

/* Begin PBXProject section */
		6581313E1F360E98004F0618 /* Project object */ = {
			isa = PBXProject;
			attributes = {
				LastSwiftUpdateCheck = 0830;
				LastUpgradeCheck = 0830;
				ORGANIZATIONNAME = "Kosei Himeno";
				TargetAttributes = {
					658131451F360E98004F0618 = {
						CreatedOnToolsVersion = 8.3.3;
						DevelopmentTeam = SZ5C7W5J2N;
						ProvisioningStyle = Automatic;
					};
				};
			};
			buildConfigurationList = 658131411F360E98004F0618 /* Build configuration list for PBXProject "ColorLightDiffuser" */;
			compatibilityVersion = "Xcode 3.2";
			developmentRegion = English;
			hasScannedForEncodings = 0;
			knownRegions = (
				en,
				Base,
			);
			mainGroup = 6581313D1F360E98004F0618;
			productRefGroup = 658131471F360E98004F0618 /* Products */;
			projectDirPath = "";
			projectRoot = "";
			targets = (
				658131451F360E98004F0618 /* ColorLightDiffuser */,
			);
		};
/* End PBXProject section */

/* Begin PBXResourcesBuildPhase section */
		658131441F360E98004F0618 /* Resources */ = {
			isa = PBXResourcesBuildPhase;
			buildActionMask = 2147483647;
			files = (
				658131541F360E98004F0618 /* LaunchScreen.storyboard in Resources */,
				658131511F360E98004F0618 /* Assets.xcassets in Resources */,
				6581314F1F360E98004F0618 /* Main.storyboard in Resources */,
			);
			runOnlyForDeploymentPostprocessing = 0;
		};
/* End PBXResourcesBuildPhase section */

/* Begin PBXSourcesBuildPhase section */
		658131421F360E98004F0618 /* Sources */ = {
			isa = PBXSourcesBuildPhase;
			buildActionMask = 2147483647;
			files = (
				6581314C1F360E98004F0618 /* ViewController.swift in Sources */,
				6581314A1F360E98004F0618 /* AppDelegate.swift in Sources */,
			);
			runOnlyForDeploymentPostprocessing = 0;
		};
/* End PBXSourcesBuildPhase section */

/* Begin PBXVariantGroup section */
		6581314D1F360E98004F0618 /* Main.storyboard */ = {
			isa = PBXVariantGroup;
			children = (
				6581314E1F360E98004F0618 /* Base */,
			);
			name = Main.storyboard;
			sourceTree = "<group>";
		};
		658131521F360E98004F0618 /* LaunchScreen.storyboard */ = {
			isa = PBXVariantGroup;
			children = (
				658131531F360E98004F0618 /* Base */,
			);
			name = LaunchScreen.storyboard;
			sourceTree = "<group>";
		};
/* End PBXVariantGroup section */

/* Begin XCBuildConfiguration section */
		658131561F360E98004F0618 /* Debug */ = {
			isa = XCBuildConfiguration;
			buildSettings = {
				ALWAYS_SEARCH_USER_PATHS = NO;
				CLANG_ANALYZER_NONNULL = YES;
				CLANG_ANALYZER_NUMBER_OBJECT_CONVERSION = YES_AGGRESSIVE;
				CLANG_CXX_LANGUAGE_STANDARD = "gnu++0x";
				CLANG_CXX_LIBRARY = "libc++";
				CLANG_ENABLE_MODULES = YES;
				CLANG_ENABLE_OBJC_ARC = YES;
				CLANG_WARN_BOOL_CONVERSION = YES;
				CLANG_WARN_CONSTANT_CONVERSION = YES;
				CLANG_WARN_DIRECT_OBJC_ISA_USAGE = YES_ERROR;
				CLANG_WARN_DOCUMENTATION_COMMENTS = YES;
				CLANG_WARN_EMPTY_BODY = YES;
				CLANG_WARN_ENUM_CONVERSION = YES;
				CLANG_WARN_INFINITE_RECURSION = YES;
				CLANG_WARN_INT_CONVERSION = YES;
				CLANG_WARN_OBJC_ROOT_CLASS = YES_ERROR;
				CLANG_WARN_SUSPICIOUS_MOVE = YES;
				CLANG_WARN_UNREACHABLE_CODE = YES;
				CLANG_WARN__DUPLICATE_METHOD_MATCH = YES;
				"CODE_SIGN_IDENTITY[sdk=iphoneos*]" = "iPhone Developer";
				COPY_PHASE_STRIP = NO;
				DEBUG_INFORMATION_FORMAT = dwarf;
				ENABLE_STRICT_OBJC_MSGSEND = YES;
				ENABLE_TESTABILITY = YES;
				GCC_C_LANGUAGE_STANDARD = gnu99;
				GCC_DYNAMIC_NO_PIC = NO;
				GCC_NO_COMMON_BLOCKS = YES;
				GCC_OPTIMIZATION_LEVEL = 0;
				GCC_PREPROCESSOR_DEFINITIONS = (
					"DEBUG=1",
					"$(inherited)",
				);
				GCC_WARN_64_TO_32_BIT_CONVERSION = YES;
				GCC_WARN_ABOUT_RETURN_TYPE = YES_ERROR;
				GCC_WARN_UNDECLARED_SELECTOR = YES;
				GCC_WARN_UNINITIALIZED_AUTOS = YES_AGGRESSIVE;
				GCC_WARN_UNUSED_FUNCTION = YES;
				GCC_WARN_UNUSED_VARIABLE = YES;
				IPHONEOS_DEPLOYMENT_TARGET = 10.3;
				MTL_ENABLE_DEBUG_INFO = YES;
				ONLY_ACTIVE_ARCH = YES;
				SDKROOT = iphoneos;
				SWIFT_ACTIVE_COMPILATION_CONDITIONS = DEBUG;
				SWIFT_OPTIMIZATION_LEVEL = "-Onone";
				TARGETED_DEVICE_FAMILY = "1,2";
			};
			name = Debug;
		};
		658131571F360E98004F0618 /* Release */ = {
			isa = XCBuildConfiguration;
			buildSettings = {
				ALWAYS_SEARCH_USER_PATHS = NO;
				CLANG_ANALYZER_NONNULL = YES;
				CLANG_ANALYZER_NUMBER_OBJECT_CONVERSION = YES_AGGRESSIVE;
				CLANG_CXX_LANGUAGE_STANDARD = "gnu++0x";
				CLANG_CXX_LIBRARY = "libc++";
				CLANG_ENABLE_MODULES = YES;
				CLANG_ENABLE_OBJC_ARC = YES;
				CLANG_WARN_BOOL_CONVERSION = YES;
				CLANG_WARN_CONSTANT_CONVERSION = YES;
				CLANG_WARN_DIRECT_OBJC_ISA_USAGE = YES_ERROR;
				CLANG_WARN_DOCUMENTATION_COMMENTS = YES;
				CLANG_WARN_EMPTY_BODY = YES;
				CLANG_WARN_ENUM_CONVERSION = YES;
				CLANG_WARN_INFINITE_RECURSION = YES;
				CLANG_WARN_INT_CONVERSION = YES;
				CLANG_WARN_OBJC_ROOT_CLASS = YES_ERROR;
				CLANG_WARN_SUSPICIOUS_MOVE = YES;
				CLANG_WARN_UNREACHABLE_CODE = YES;
				CLANG_WARN__DUPLICATE_METHOD_MATCH = YES;
				"CODE_SIGN_IDENTITY[sdk=iphoneos*]" = "iPhone Developer";
				COPY_PHASE_STRIP = NO;
				DEBUG_INFORMATION_FORMAT = "dwarf-with-dsym";
				ENABLE_NS_ASSERTIONS = NO;
				ENABLE_STRICT_OBJC_MSGSEND = YES;
				GCC_C_LANGUAGE_STANDARD = gnu99;
				GCC_NO_COMMON_BLOCKS = YES;
				GCC_WARN_64_TO_32_BIT_CONVERSION = YES;
				GCC_WARN_ABOUT_RETURN_TYPE = YES_ERROR;
				GCC_WARN_UNDECLARED_SELECTOR = YES;
				GCC_WARN_UNINITIALIZED_AUTOS = YES_AGGRESSIVE;
				GCC_WARN_UNUSED_FUNCTION = YES;
				GCC_WARN_UNUSED_VARIABLE = YES;
				IPHONEOS_DEPLOYMENT_TARGET = 10.3;
				MTL_ENABLE_DEBUG_INFO = NO;
				SDKROOT = iphoneos;
				SWIFT_OPTIMIZATION_LEVEL = "-Owholemodule";
				TARGETED_DEVICE_FAMILY = "1,2";
				VALIDATE_PRODUCT = YES;
			};
			name = Release;
		};
		658131591F360E98004F0618 /* Debug */ = {
			isa = XCBuildConfiguration;
			buildSettings = {
				ASSETCATALOG_COMPILER_APPICON_NAME = AppIcon;
				DEVELOPMENT_TEAM = SZ5C7W5J2N;
				INFOPLIST_FILE = ColorLightDiffuser/Info.plist;
				LD_RUNPATH_SEARCH_PATHS = "$(inherited) @executable_path/Frameworks";
				PRODUCT_BUNDLE_IDENTIFIER = himenoglyph.ColorLightDiffuser;
				PRODUCT_NAME = "$(TARGET_NAME)";
				SWIFT_VERSION = 3.0;
			};
			name = Debug;
		};
		6581315A1F360E98004F0618 /* Release */ = {
			isa = XCBuildConfiguration;
			buildSettings = {
				ASSETCATALOG_COMPILER_APPICON_NAME = AppIcon;
				DEVELOPMENT_TEAM = SZ5C7W5J2N;
				INFOPLIST_FILE = ColorLightDiffuser/Info.plist;
				LD_RUNPATH_SEARCH_PATHS = "$(inherited) @executable_path/Frameworks";
				PRODUCT_BUNDLE_IDENTIFIER = himenoglyph.ColorLightDiffuser;
				PRODUCT_NAME = "$(TARGET_NAME)";
				SWIFT_VERSION = 3.0;
			};
			name = Release;
		};
/* End XCBuildConfiguration section */

/* Begin XCConfigurationList section */
		658131411F360E98004F0618 /* Build configuration list for PBXProject "ColorLightDiffuser" */ = {
			isa = XCConfigurationList;
			buildConfigurations = (
				658131561F360E98004F0618 /* Debug */,
				658131571F360E98004F0618 /* Release */,
			);
			defaultConfigurationIsVisible = 0;
			defaultConfigurationName = Release;
		};
		658131581F360E98004F0618 /* Build configuration list for PBXNativeTarget "ColorLightDiffuser" */ = {
			isa = XCConfigurationList;
			buildConfigurations = (
				658131591F360E98004F0618 /* Debug */,
				6581315A1F360E98004F0618 /* Release */,
			);
			defaultConfigurationIsVisible = 0;
		};
/* End XCConfigurationList section */
	};
	rootObject = 6581313E1F360E98004F0618 /* Project object */;
}
