// !$*UTF8*$!
{
	archiveVersion = 1;
	classes = {
	};
	objectVersion = 46;
	objects = {

/* Begin PBXBuildFile section */
		65B2D9531C7FF514002714EA /* AppDelegate.swift in Sources */ = {isa = PBXBuildFile; fileRef = 65B2D9521C7FF514002714EA /* AppDelegate.swift */; };
		65B2D9581C7FF514002714EA /* Main.storyboard in Resources */ = {isa = PBXBuildFile; fileRef = 65B2D9561C7FF514002714EA /* Main.storyboard */; };
		65B2D95A1C7FF514002714EA /* Assets.xcassets in Resources */ = {isa = PBXBuildFile; fileRef = 65B2D9591C7FF514002714EA /* Assets.xcassets */; };
		65B2D95D1C7FF514002714EA /* LaunchScreen.storyboard in Resources */ = {isa = PBXBuildFile; fileRef = 65B2D95B1C7FF514002714EA /* LaunchScreen.storyboard */; };
		65B2D9681C7FF514002714EA /* APITestTests.swift in Sources */ = {isa = PBXBuildFile; fileRef = 65B2D9671C7FF514002714EA /* APITestTests.swift */; };
		65B2D9731C7FF514002714EA /* APITestUITests.swift in Sources */ = {isa = PBXBuildFile; fileRef = 65B2D9721C7FF514002714EA /* APITestUITests.swift */; };
		65B2D9821C7FF631002714EA /* Alamofire.framework in Frameworks */ = {isa = PBXBuildFile; fileRef = 65B2D9801C7FF631002714EA /* Alamofire.framework */; };
		65B2D9831C7FF631002714EA /* SwiftyJSON.framework in Frameworks */ = {isa = PBXBuildFile; fileRef = 65B2D9811C7FF631002714EA /* SwiftyJSON.framework */; };
		65B2D9861C7FF6E9002714EA /* ArticleListViewController.swift in Sources */ = {isa = PBXBuildFile; fileRef = 65B2D9851C7FF6E9002714EA /* ArticleListViewController.swift */; };
/* End PBXBuildFile section */

/* Begin PBXContainerItemProxy section */
		65B2D9641C7FF514002714EA /* PBXContainerItemProxy */ = {
			isa = PBXContainerItemProxy;
			containerPortal = 65B2D9471C7FF514002714EA /* Project object */;
			proxyType = 1;
			remoteGlobalIDString = 65B2D94E1C7FF514002714EA;
			remoteInfo = APITest;
		};
		65B2D96F1C7FF514002714EA /* PBXContainerItemProxy */ = {
			isa = PBXContainerItemProxy;
			containerPortal = 65B2D9471C7FF514002714EA /* Project object */;
			proxyType = 1;
			remoteGlobalIDString = 65B2D94E1C7FF514002714EA;
			remoteInfo = APITest;
		};
/* End PBXContainerItemProxy section */

/* Begin PBXFileReference section */
		65B2D94F1C7FF514002714EA /* APITest.app */ = {isa = PBXFileReference; explicitFileType = wrapper.application; includeInIndex = 0; path = APITest.app; sourceTree = BUILT_PRODUCTS_DIR; };
		65B2D9521C7FF514002714EA /* AppDelegate.swift */ = {isa = PBXFileReference; lastKnownFileType = sourcecode.swift; path = AppDelegate.swift; sourceTree = "<group>"; };
		65B2D9571C7FF514002714EA /* Base */ = {isa = PBXFileReference; lastKnownFileType = file.storyboard; name = Base; path = Base.lproj/Main.storyboard; sourceTree = "<group>"; };
		65B2D9591C7FF514002714EA /* Assets.xcassets */ = {isa = PBXFileReference; lastKnownFileType = folder.assetcatalog; path = Assets.xcassets; sourceTree = "<group>"; };
		65B2D95C1C7FF514002714EA /* Base */ = {isa = PBXFileReference; lastKnownFileType = file.storyboard; name = Base; path = Base.lproj/LaunchScreen.storyboard; sourceTree = "<group>"; };
		65B2D95E1C7FF514002714EA /* Info.plist */ = {isa = PBXFileReference; lastKnownFileType = text.plist.xml; path = Info.plist; sourceTree = "<group>"; };
		65B2D9631C7FF514002714EA /* APITestTests.xctest */ = {isa = PBXFileReference; explicitFileType = wrapper.cfbundle; includeInIndex = 0; path = APITestTests.xctest; sourceTree = BUILT_PRODUCTS_DIR; };
		65B2D9671C7FF514002714EA /* APITestTests.swift */ = {isa = PBXFileReference; lastKnownFileType = sourcecode.swift; path = APITestTests.swift; sourceTree = "<group>"; };
		65B2D9691C7FF514002714EA /* Info.plist */ = {isa = PBXFileReference; lastKnownFileType = text.plist.xml; path = Info.plist; sourceTree = "<group>"; };
		65B2D96E1C7FF514002714EA /* APITestUITests.xctest */ = {isa = PBXFileReference; explicitFileType = wrapper.cfbundle; includeInIndex = 0; path = APITestUITests.xctest; sourceTree = BUILT_PRODUCTS_DIR; };
		65B2D9721C7FF514002714EA /* APITestUITests.swift */ = {isa = PBXFileReference; lastKnownFileType = sourcecode.swift; path = APITestUITests.swift; sourceTree = "<group>"; };
		65B2D9741C7FF514002714EA /* Info.plist */ = {isa = PBXFileReference; lastKnownFileType = text.plist.xml; path = Info.plist; sourceTree = "<group>"; };
		65B2D9801C7FF631002714EA /* Alamofire.framework */ = {isa = PBXFileReference; lastKnownFileType = wrapper.framework; name = Alamofire.framework; path = Carthage/Build/iOS/Alamofire.framework; sourceTree = "<group>"; };
		65B2D9811C7FF631002714EA /* SwiftyJSON.framework */ = {isa = PBXFileReference; lastKnownFileType = wrapper.framework; name = SwiftyJSON.framework; path = Carthage/Build/iOS/SwiftyJSON.framework; sourceTree = "<group>"; };
		65B2D9851C7FF6E9002714EA /* ArticleListViewController.swift */ = {isa = PBXFileReference; fileEncoding = 4; lastKnownFileType = sourcecode.swift; path = ArticleListViewController.swift; sourceTree = "<group>"; };
/* End PBXFileReference section */

/* Begin PBXFrameworksBuildPhase section */
		65B2D94C1C7FF514002714EA /* Frameworks */ = {
			isa = PBXFrameworksBuildPhase;
			buildActionMask = 2147483647;
			files = (
				65B2D9821C7FF631002714EA /* Alamofire.framework in Frameworks */,
				65B2D9831C7FF631002714EA /* SwiftyJSON.framework in Frameworks */,
			);
			runOnlyForDeploymentPostprocessing = 0;
		};
		65B2D9601C7FF514002714EA /* Frameworks */ = {
			isa = PBXFrameworksBuildPhase;
			buildActionMask = 2147483647;
			files = (
			);
			runOnlyForDeploymentPostprocessing = 0;
		};
		65B2D96B1C7FF514002714EA /* Frameworks */ = {
			isa = PBXFrameworksBuildPhase;
			buildActionMask = 2147483647;
			files = (
			);
			runOnlyForDeploymentPostprocessing = 0;
		};
/* End PBXFrameworksBuildPhase section */

/* Begin PBXGroup section */
		65B2D9461C7FF514002714EA = {
			isa = PBXGroup;
			children = (
				65B2D9801C7FF631002714EA /* Alamofire.framework */,
				65B2D9811C7FF631002714EA /* SwiftyJSON.framework */,
				65B2D9511C7FF514002714EA /* APITest */,
				65B2D9661C7FF514002714EA /* APITestTests */,
				65B2D9711C7FF514002714EA /* APITestUITests */,
				65B2D9501C7FF514002714EA /* Products */,
			);
			sourceTree = "<group>";
		};
		65B2D9501C7FF514002714EA /* Products */ = {
			isa = PBXGroup;
			children = (
				65B2D94F1C7FF514002714EA /* APITest.app */,
				65B2D9631C7FF514002714EA /* APITestTests.xctest */,
				65B2D96E1C7FF514002714EA /* APITestUITests.xctest */,
			);
			name = Products;
			sourceTree = "<group>";
		};
		65B2D9511C7FF514002714EA /* APITest */ = {
			isa = PBXGroup;
			children = (
				65B2D9521C7FF514002714EA /* AppDelegate.swift */,
				65B2D9851C7FF6E9002714EA /* ArticleListViewController.swift */,
				65B2D9561C7FF514002714EA /* Main.storyboard */,
				65B2D9591C7FF514002714EA /* Assets.xcassets */,
				65B2D95B1C7FF514002714EA /* LaunchScreen.storyboard */,
				65B2D95E1C7FF514002714EA /* Info.plist */,
			);
			path = APITest;
			sourceTree = "<group>";
		};
		65B2D9661C7FF514002714EA /* APITestTests */ = {
			isa = PBXGroup;
			children = (
				65B2D9671C7FF514002714EA /* APITestTests.swift */,
				65B2D9691C7FF514002714EA /* Info.plist */,
			);
			path = APITestTests;
			sourceTree = "<group>";
		};
		65B2D9711C7FF514002714EA /* APITestUITests */ = {
			isa = PBXGroup;
			children = (
				65B2D9721C7FF514002714EA /* APITestUITests.swift */,
				65B2D9741C7FF514002714EA /* Info.plist */,
			);
			path = APITestUITests;
			sourceTree = "<group>";
		};
/* End PBXGroup section */

/* Begin PBXNativeTarget section */
		65B2D94E1C7FF514002714EA /* APITest */ = {
			isa = PBXNativeTarget;
			buildConfigurationList = 65B2D9771C7FF514002714EA /* Build configuration list for PBXNativeTarget "APITest" */;
			buildPhases = (
				65B2D94B1C7FF514002714EA /* Sources */,
				65B2D94C1C7FF514002714EA /* Frameworks */,
				65B2D94D1C7FF514002714EA /* Resources */,
				65B2D9841C7FF663002714EA /* ShellScript */,
			);
			buildRules = (
			);
			dependencies = (
			);
			name = APITest;
			productName = APITest;
			productReference = 65B2D94F1C7FF514002714EA /* APITest.app */;
			productType = "com.apple.product-type.application";
		};
		65B2D9621C7FF514002714EA /* APITestTests */ = {
			isa = PBXNativeTarget;
			buildConfigurationList = 65B2D97A1C7FF514002714EA /* Build configuration list for PBXNativeTarget "APITestTests" */;
			buildPhases = (
				65B2D95F1C7FF514002714EA /* Sources */,
				65B2D9601C7FF514002714EA /* Frameworks */,
				65B2D9611C7FF514002714EA /* Resources */,
			);
			buildRules = (
			);
			dependencies = (
				65B2D9651C7FF514002714EA /* PBXTargetDependency */,
			);
			name = APITestTests;
			productName = APITestTests;
			productReference = 65B2D9631C7FF514002714EA /* APITestTests.xctest */;
			productType = "com.apple.product-type.bundle.unit-test";
		};
		65B2D96D1C7FF514002714EA /* APITestUITests */ = {
			isa = PBXNativeTarget;
			buildConfigurationList = 65B2D97D1C7FF514002714EA /* Build configuration list for PBXNativeTarget "APITestUITests" */;
			buildPhases = (
				65B2D96A1C7FF514002714EA /* Sources */,
				65B2D96B1C7FF514002714EA /* Frameworks */,
				65B2D96C1C7FF514002714EA /* Resources */,
			);
			buildRules = (
			);
			dependencies = (
				65B2D9701C7FF514002714EA /* PBXTargetDependency */,
			);
			name = APITestUITests;
			productName = APITestUITests;
			productReference = 65B2D96E1C7FF514002714EA /* APITestUITests.xctest */;
			productType = "com.apple.product-type.bundle.ui-testing";
		};
/* End PBXNativeTarget section */

/* Begin PBXProject section */
		65B2D9471C7FF514002714EA /* Project object */ = {
			isa = PBXProject;
			attributes = {
				LastSwiftUpdateCheck = 0720;
				LastUpgradeCheck = 0720;
				ORGANIZATIONNAME = "Himeno Kosei";
				TargetAttributes = {
					65B2D94E1C7FF514002714EA = {
						CreatedOnToolsVersion = 7.2.1;
						DevelopmentTeam = SZ5C7W5J2N;
					};
					65B2D9621C7FF514002714EA = {
						CreatedOnToolsVersion = 7.2.1;
						DevelopmentTeam = SZ5C7W5J2N;
						TestTargetID = 65B2D94E1C7FF514002714EA;
					};
					65B2D96D1C7FF514002714EA = {
						CreatedOnToolsVersion = 7.2.1;
						DevelopmentTeam = SZ5C7W5J2N;
						TestTargetID = 65B2D94E1C7FF514002714EA;
					};
				};
			};
			buildConfigurationList = 65B2D94A1C7FF514002714EA /* Build configuration list for PBXProject "APITest" */;
			compatibilityVersion = "Xcode 3.2";
			developmentRegion = English;
			hasScannedForEncodings = 0;
			knownRegions = (
				en,
				Base,
			);
			mainGroup = 65B2D9461C7FF514002714EA;
			productRefGroup = 65B2D9501C7FF514002714EA /* Products */;
			projectDirPath = "";
			projectRoot = "";
			targets = (
				65B2D94E1C7FF514002714EA /* APITest */,
				65B2D9621C7FF514002714EA /* APITestTests */,
				65B2D96D1C7FF514002714EA /* APITestUITests */,
			);
		};
/* End PBXProject section */

/* Begin PBXResourcesBuildPhase section */
		65B2D94D1C7FF514002714EA /* Resources */ = {
			isa = PBXResourcesBuildPhase;
			buildActionMask = 2147483647;
			files = (
				65B2D95D1C7FF514002714EA /* LaunchScreen.storyboard in Resources */,
				65B2D95A1C7FF514002714EA /* Assets.xcassets in Resources */,
				65B2D9581C7FF514002714EA /* Main.storyboard in Resources */,
			);
			runOnlyForDeploymentPostprocessing = 0;
		};
		65B2D9611C7FF514002714EA /* Resources */ = {
			isa = PBXResourcesBuildPhase;
			buildActionMask = 2147483647;
			files = (
			);
			runOnlyForDeploymentPostprocessing = 0;
		};
		65B2D96C1C7FF514002714EA /* Resources */ = {
			isa = PBXResourcesBuildPhase;
			buildActionMask = 2147483647;
			files = (
			);
			runOnlyForDeploymentPostprocessing = 0;
		};
/* End PBXResourcesBuildPhase section */

/* Begin PBXShellScriptBuildPhase section */
		65B2D9841C7FF663002714EA /* ShellScript */ = {
			isa = PBXShellScriptBuildPhase;
			buildActionMask = 2147483647;
			files = (
			);
			inputPaths = (
				"$(SRCROOT)/Carthage/Build/iOS/Alamofire.framework",
				"$(SRCROOT)/Carthage/Build/iOS/SwiftyJSON.framework",
			);
			outputPaths = (
			);
			runOnlyForDeploymentPostprocessing = 0;
			shellPath = /bin/sh;
			shellScript = "/usr/local/bin/carthage copy-frameworks";
		};
/* End PBXShellScriptBuildPhase section */

/* Begin PBXSourcesBuildPhase section */
		65B2D94B1C7FF514002714EA /* Sources */ = {
			isa = PBXSourcesBuildPhase;
			buildActionMask = 2147483647;
			files = (
				65B2D9861C7FF6E9002714EA /* ArticleListViewController.swift in Sources */,
				65B2D9531C7FF514002714EA /* AppDelegate.swift in Sources */,
			);
			runOnlyForDeploymentPostprocessing = 0;
		};
		65B2D95F1C7FF514002714EA /* Sources */ = {
			isa = PBXSourcesBuildPhase;
			buildActionMask = 2147483647;
			files = (
				65B2D9681C7FF514002714EA /* APITestTests.swift in Sources */,
			);
			runOnlyForDeploymentPostprocessing = 0;
		};
		65B2D96A1C7FF514002714EA /* Sources */ = {
			isa = PBXSourcesBuildPhase;
			buildActionMask = 2147483647;
			files = (
				65B2D9731C7FF514002714EA /* APITestUITests.swift in Sources */,
			);
			runOnlyForDeploymentPostprocessing = 0;
		};
/* End PBXSourcesBuildPhase section */

/* Begin PBXTargetDependency section */
		65B2D9651C7FF514002714EA /* PBXTargetDependency */ = {
			isa = PBXTargetDependency;
			target = 65B2D94E1C7FF514002714EA /* APITest */;
			targetProxy = 65B2D9641C7FF514002714EA /* PBXContainerItemProxy */;
		};
		65B2D9701C7FF514002714EA /* PBXTargetDependency */ = {
			isa = PBXTargetDependency;
			target = 65B2D94E1C7FF514002714EA /* APITest */;
			targetProxy = 65B2D96F1C7FF514002714EA /* PBXContainerItemProxy */;
		};
/* End PBXTargetDependency section */

/* Begin PBXVariantGroup section */
		65B2D9561C7FF514002714EA /* Main.storyboard */ = {
			isa = PBXVariantGroup;
			children = (
				65B2D9571C7FF514002714EA /* Base */,
			);
			name = Main.storyboard;
			sourceTree = "<group>";
		};
		65B2D95B1C7FF514002714EA /* LaunchScreen.storyboard */ = {
			isa = PBXVariantGroup;
			children = (
				65B2D95C1C7FF514002714EA /* Base */,
			);
			name = LaunchScreen.storyboard;
			sourceTree = "<group>";
		};
/* End PBXVariantGroup section */

/* Begin XCBuildConfiguration section */
		65B2D9751C7FF514002714EA /* Debug */ = {
			isa = XCBuildConfiguration;
			buildSettings = {
				ALWAYS_SEARCH_USER_PATHS = NO;
				CLANG_CXX_LANGUAGE_STANDARD = "gnu++0x";
				CLANG_CXX_LIBRARY = "libc++";
				CLANG_ENABLE_MODULES = YES;
				CLANG_ENABLE_OBJC_ARC = YES;
				CLANG_WARN_BOOL_CONVERSION = YES;
				CLANG_WARN_CONSTANT_CONVERSION = YES;
				CLANG_WARN_DIRECT_OBJC_ISA_USAGE = YES_ERROR;
				CLANG_WARN_EMPTY_BODY = YES;
				CLANG_WARN_ENUM_CONVERSION = YES;
				CLANG_WARN_INT_CONVERSION = YES;
				CLANG_WARN_OBJC_ROOT_CLASS = YES_ERROR;
				CLANG_WARN_UNREACHABLE_CODE = YES;
				CLANG_WARN__DUPLICATE_METHOD_MATCH = YES;
				"CODE_SIGN_IDENTITY[sdk=iphoneos*]" = "iPhone Developer";
				COPY_PHASE_STRIP = NO;
				DEBUG_INFORMATION_FORMAT = dwarf;
				ENABLE_STRICT_OBJC_MSGSEND = YES;
				ENABLE_TESTABILITY = YES;
				GCC_C_LANGUAGE_STANDARD = gnu99;
				GCC_DYNAMIC_NO_PIC = NO;
				GCC_NO_COMMON_BLOCKS = YES;
				GCC_OPTIMIZATION_LEVEL = 0;
				GCC_PREPROCESSOR_DEFINITIONS = (
					"DEBUG=1",
					"$(inherited)",
				);
				GCC_WARN_64_TO_32_BIT_CONVERSION = YES;
				GCC_WARN_ABOUT_RETURN_TYPE = YES_ERROR;
				GCC_WARN_UNDECLARED_SELECTOR = YES;
				GCC_WARN_UNINITIALIZED_AUTOS = YES_AGGRESSIVE;
				GCC_WARN_UNUSED_FUNCTION = YES;
				GCC_WARN_UNUSED_VARIABLE = YES;
				IPHONEOS_DEPLOYMENT_TARGET = 9.2;
				MTL_ENABLE_DEBUG_INFO = YES;
				ONLY_ACTIVE_ARCH = YES;
				SDKROOT = iphoneos;
				SWIFT_OPTIMIZATION_LEVEL = "-Onone";
			};
			name = Debug;
		};
		65B2D9761C7FF514002714EA /* Release */ = {
			isa = XCBuildConfiguration;
			buildSettings = {
				ALWAYS_SEARCH_USER_PATHS = NO;
				CLANG_CXX_LANGUAGE_STANDARD = "gnu++0x";
				CLANG_CXX_LIBRARY = "libc++";
				CLANG_ENABLE_MODULES = YES;
				CLANG_ENABLE_OBJC_ARC = YES;
				CLANG_WARN_BOOL_CONVERSION = YES;
				CLANG_WARN_CONSTANT_CONVERSION = YES;
				CLANG_WARN_DIRECT_OBJC_ISA_USAGE = YES_ERROR;
				CLANG_WARN_EMPTY_BODY = YES;
				CLANG_WARN_ENUM_CONVERSION = YES;
				CLANG_WARN_INT_CONVERSION = YES;
				CLANG_WARN_OBJC_ROOT_CLASS = YES_ERROR;
				CLANG_WARN_UNREACHABLE_CODE = YES;
				CLANG_WARN__DUPLICATE_METHOD_MATCH = YES;
				"CODE_SIGN_IDENTITY[sdk=iphoneos*]" = "iPhone Developer";
				COPY_PHASE_STRIP = NO;
				DEBUG_INFORMATION_FORMAT = "dwarf-with-dsym";
				ENABLE_NS_ASSERTIONS = NO;
				ENABLE_STRICT_OBJC_MSGSEND = YES;
				GCC_C_LANGUAGE_STANDARD = gnu99;
				GCC_NO_COMMON_BLOCKS = YES;
				GCC_WARN_64_TO_32_BIT_CONVERSION = YES;
				GCC_WARN_ABOUT_RETURN_TYPE = YES_ERROR;
				GCC_WARN_UNDECLARED_SELECTOR = YES;
				GCC_WARN_UNINITIALIZED_AUTOS = YES_AGGRESSIVE;
				GCC_WARN_UNUSED_FUNCTION = YES;
				GCC_WARN_UNUSED_VARIABLE = YES;
				IPHONEOS_DEPLOYMENT_TARGET = 9.2;
				MTL_ENABLE_DEBUG_INFO = NO;
				SDKROOT = iphoneos;
				VALIDATE_PRODUCT = YES;
			};
			name = Release;
		};
		65B2D9781C7FF514002714EA /* Debug */ = {
			isa = XCBuildConfiguration;
			buildSettings = {
				ASSETCATALOG_COMPILER_APPICON_NAME = AppIcon;
				FRAMEWORK_SEARCH_PATHS = (
					"$(inherited)",
					"$(PROJECT_DIR)/Carthage/Build/iOS",
				);
				INFOPLIST_FILE = APITest/Info.plist;
				LD_RUNPATH_SEARCH_PATHS = "$(inherited) @executable_path/Frameworks";
				PRODUCT_BUNDLE_IDENTIFIER = Kyushu.APITest;
				PRODUCT_NAME = "$(TARGET_NAME)";
			};
			name = Debug;
		};
		65B2D9791C7FF514002714EA /* Release */ = {
			isa = XCBuildConfiguration;
			buildSettings = {
				ASSETCATALOG_COMPILER_APPICON_NAME = AppIcon;
				FRAMEWORK_SEARCH_PATHS = (
					"$(inherited)",
					"$(PROJECT_DIR)/Carthage/Build/iOS",
				);
				INFOPLIST_FILE = APITest/Info.plist;
				LD_RUNPATH_SEARCH_PATHS = "$(inherited) @executable_path/Frameworks";
				PRODUCT_BUNDLE_IDENTIFIER = Kyushu.APITest;
				PRODUCT_NAME = "$(TARGET_NAME)";
			};
			name = Release;
		};
		65B2D97B1C7FF514002714EA /* Debug */ = {
			isa = XCBuildConfiguration;
			buildSettings = {
				BUNDLE_LOADER = "$(TEST_HOST)";
				INFOPLIST_FILE = APITestTests/Info.plist;
				LD_RUNPATH_SEARCH_PATHS = "$(inherited) @executable_path/Frameworks @loader_path/Frameworks";
				PRODUCT_BUNDLE_IDENTIFIER = Kyushu.APITestTests;
				PRODUCT_NAME = "$(TARGET_NAME)";
				TEST_HOST = "$(BUILT_PRODUCTS_DIR)/APITest.app/APITest";
			};
			name = Debug;
		};
		65B2D97C1C7FF514002714EA /* Release */ = {
			isa = XCBuildConfiguration;
			buildSettings = {
				BUNDLE_LOADER = "$(TEST_HOST)";
				INFOPLIST_FILE = APITestTests/Info.plist;
				LD_RUNPATH_SEARCH_PATHS = "$(inherited) @executable_path/Frameworks @loader_path/Frameworks";
				PRODUCT_BUNDLE_IDENTIFIER = Kyushu.APITestTests;
				PRODUCT_NAME = "$(TARGET_NAME)";
				TEST_HOST = "$(BUILT_PRODUCTS_DIR)/APITest.app/APITest";
			};
			name = Release;
		};
		65B2D97E1C7FF514002714EA /* Debug */ = {
			isa = XCBuildConfiguration;
			buildSettings = {
				INFOPLIST_FILE = APITestUITests/Info.plist;
				LD_RUNPATH_SEARCH_PATHS = "$(inherited) @executable_path/Frameworks @loader_path/Frameworks";
				PRODUCT_BUNDLE_IDENTIFIER = Kyushu.APITestUITests;
				PRODUCT_NAME = "$(TARGET_NAME)";
				TEST_TARGET_NAME = APITest;
				USES_XCTRUNNER = YES;
			};
			name = Debug;
		};
		65B2D97F1C7FF514002714EA /* Release */ = {
			isa = XCBuildConfiguration;
			buildSettings = {
				INFOPLIST_FILE = APITestUITests/Info.plist;
				LD_RUNPATH_SEARCH_PATHS = "$(inherited) @executable_path/Frameworks @loader_path/Frameworks";
				PRODUCT_BUNDLE_IDENTIFIER = Kyushu.APITestUITests;
				PRODUCT_NAME = "$(TARGET_NAME)";
				TEST_TARGET_NAME = APITest;
				USES_XCTRUNNER = YES;
			};
			name = Release;
		};
/* End XCBuildConfiguration section */

/* Begin XCConfigurationList section */
		65B2D94A1C7FF514002714EA /* Build configuration list for PBXProject "APITest" */ = {
			isa = XCConfigurationList;
			buildConfigurations = (
				65B2D9751C7FF514002714EA /* Debug */,
				65B2D9761C7FF514002714EA /* Release */,
			);
			defaultConfigurationIsVisible = 0;
			defaultConfigurationName = Release;
		};
		65B2D9771C7FF514002714EA /* Build configuration list for PBXNativeTarget "APITest" */ = {
			isa = XCConfigurationList;
			buildConfigurations = (
				65B2D9781C7FF514002714EA /* Debug */,
				65B2D9791C7FF514002714EA /* Release */,
			);
			defaultConfigurationIsVisible = 0;
		};
		65B2D97A1C7FF514002714EA /* Build configuration list for PBXNativeTarget "APITestTests" */ = {
			isa = XCConfigurationList;
			buildConfigurations = (
				65B2D97B1C7FF514002714EA /* Debug */,
				65B2D97C1C7FF514002714EA /* Release */,
			);
			defaultConfigurationIsVisible = 0;
		};
		65B2D97D1C7FF514002714EA /* Build configuration list for PBXNativeTarget "APITestUITests" */ = {
			isa = XCConfigurationList;
			buildConfigurations = (
				65B2D97E1C7FF514002714EA /* Debug */,
				65B2D97F1C7FF514002714EA /* Release */,
			);
			defaultConfigurationIsVisible = 0;
		};
/* End XCConfigurationList section */
	};
	rootObject = 65B2D9471C7FF514002714EA /* Project object */;
}
